{
  "version": 4,
  "terraform_version": "1.0.11",
  "serial": 22,
  "lineage": "c047162f-123b-71e2-e961-7a6f5fdf9513",
  "outputs": {},
  "resources": [
    {
      "mode": "managed",
      "type": "azurerm_app_service",
      "name": "default",
      "provider": "provider[\"registry.terraform.io/hashicorp/azurerm\"]",
      "instances": [
        {
          "schema_version": 0,
          "attributes": {
            "app_service_plan_id": "/subscriptions/3e046851-8543-4f76-9d25-c13abd522af0/resourceGroups/timespent-prod-rg/providers/Microsoft.Web/serverfarms/timespent-plan",
            "app_settings": {
              "DOCKER_ENABLE_CI": "true",
              "DOCKER_REGISTRY_SERVER_PASSWORD": "4IxLNXL1SPOU5OCQ62pZF=cxUU2e1NwC",
              "DOCKER_REGISTRY_SERVER_URL": "https://ytscontainerregistry.azurecr.io",
              "DOCKER_REGISTRY_SERVER_USERNAME": "ytsContainerRegistry"
            },
            "auth_settings": [
              {
                "active_directory": [],
                "additional_login_params": {},
                "allowed_external_redirect_urls": [],
                "default_provider": "",
                "enabled": false,
                "facebook": [],
                "google": [],
                "issuer": "",
                "microsoft": [],
                "runtime_version": "",
                "token_refresh_extension_hours": 0,
                "token_store_enabled": false,
                "twitter": [],
                "unauthenticated_client_action": ""
              }
            ],
            "backup": [],
            "client_affinity_enabled": false,
            "client_cert_enabled": false,
            "client_cert_mode": "Required",
            "connection_string": [],
            "custom_domain_verification_id": "22FCA307E59FA1DAEE8DD2AB972D98B54300BC8810FD8FDB0216B2C7CDB42670",
            "default_site_hostname": "yts-timespent-prod-app.azurewebsites.net",
            "enabled": true,
            "https_only": false,
            "id": "/subscriptions/3e046851-8543-4f76-9d25-c13abd522af0/resourceGroups/timespent-prod-rg/providers/Microsoft.Web/sites/yts-timespent-prod-app",
            "identity": [
              {
                "identity_ids": [],
                "principal_id": "03e0e424-0990-4d1e-93b4-3d490ee6b57a",
                "tenant_id": "cd0026d8-283b-4a55-9bfa-d0ef4a8ba21c",
                "type": "SystemAssigned"
              }
            ],
            "key_vault_reference_identity_id": "SystemAssigned",
            "location": "norwayeast",
            "logs": [
              {
                "application_logs": [
                  {
                    "azure_blob_storage": [],
                    "file_system_level": "Off"
                  }
                ],
                "detailed_error_messages_enabled": false,
                "failed_request_tracing_enabled": false,
                "http_logs": [
                  {
                    "azure_blob_storage": [],
                    "file_system": []
                  }
                ]
              }
            ],
            "name": "yts-timespent-prod-app",
            "outbound_ip_address_list": [
              "51.120.73.77",
              "51.120.71.164",
              "51.120.73.74",
              "51.13.120.151",
              "51.13.121.73",
              "51.13.121.94",
              "51.120.98.195"
            ],
            "outbound_ip_addresses": "51.120.73.77,51.120.71.164,51.120.73.74,51.13.120.151,51.13.121.73,51.13.121.94,51.120.98.195",
            "possible_outbound_ip_address_list": [
              "51.120.73.77",
              "51.120.71.164",
              "51.120.73.74",
              "51.13.120.151",
              "51.13.121.73",
              "51.13.121.94",
              "51.120.72.164",
              "51.13.120.135",
              "51.13.122.8",
              "51.13.122.221",
              "51.13.122.14",
              "51.13.122.242",
              "51.13.120.146",
              "51.13.120.166",
              "51.13.120.109",
              "51.13.120.167",
              "51.120.68.238",
              "51.120.74.131",
              "51.13.94.205",
              "51.13.81.228",
              "51.13.94.75",
              "51.13.96.204",
              "51.13.75.45",
              "51.13.94.196",
              "51.120.98.195"
            ],
            "possible_outbound_ip_addresses": "51.120.73.77,51.120.71.164,51.120.73.74,51.13.120.151,51.13.121.73,51.13.121.94,51.120.72.164,51.13.120.135,51.13.122.8,51.13.122.221,51.13.122.14,51.13.122.242,51.13.120.146,51.13.120.166,51.13.120.109,51.13.120.167,51.120.68.238,51.120.74.131,51.13.94.205,51.13.81.228,51.13.94.75,51.13.96.204,51.13.75.45,51.13.94.196,51.120.98.195",
            "resource_group_name": "timespent-prod-rg",
            "site_config": [
              {
                "acr_use_managed_identity_credentials": false,
                "acr_user_managed_identity_client_id": "",
                "always_on": true,
                "app_command_line": "",
                "auto_swap_slot_name": "",
                "cors": [
                  {
                    "allowed_origins": [],
                    "support_credentials": false
                  }
                ],
                "default_documents": [],
                "dotnet_framework_version": "v4.0",
                "ftps_state": "AllAllowed",
                "health_check_path": "",
                "http2_enabled": false,
                "ip_restriction": [],
                "java_container": "",
                "java_container_version": "",
                "java_version": "",
                "linux_fx_version": "DOCKER|nginxdemos/hello",
                "local_mysql_enabled": false,
                "managed_pipeline_mode": "Integrated",
                "min_tls_version": "1.2",
                "number_of_workers": 1,
                "php_version": "",
                "python_version": "",
                "remote_debugging_enabled": false,
                "remote_debugging_version": "VS2019",
                "scm_ip_restriction": [],
                "scm_type": "None",
                "scm_use_main_ip_restriction": false,
                "use_32_bit_worker_process": false,
                "vnet_route_all_enabled": false,
                "websockets_enabled": false,
                "windows_fx_version": ""
              }
            ],
            "site_credential": [
              {
                "password": "hEAe3afF74CLMmCdQai9mavc6XDZXKacvnu80jcdGoDXcDcoHNJwAyavWa1H",
                "username": "$yts-timespent-prod-app"
              }
            ],
            "source_control": [
              {
                "branch": "master",
                "manual_integration": false,
                "repo_url": "",
                "rollback_enabled": false,
                "use_mercurial": false
              }
            ],
            "storage_account": [],
            "tags": {},
            "timeouts": null
          },
          "sensitive_attributes": [],
          "private": "eyJlMmJmYjczMC1lY2FhLTExZTYtOGY4OC0zNDM2M2JjN2M0YzAiOnsiY3JlYXRlIjoxODAwMDAwMDAwMDAwLCJkZWxldGUiOjE4MDAwMDAwMDAwMDAsInJlYWQiOjMwMDAwMDAwMDAwMCwidXBkYXRlIjoxODAwMDAwMDAwMDAwfX0=",
          "dependencies": [
            "azurerm_app_service_plan.default",
            "azurerm_resource_group.default"
          ]
        }
      ]
    },
    {
      "mode": "managed",
      "type": "azurerm_app_service_plan",
      "name": "default",
      "provider": "provider[\"registry.terraform.io/hashicorp/azurerm\"]",
      "instances": [
        {
          "schema_version": 0,
          "attributes": {
            "app_service_environment_id": "",
            "id": "/subscriptions/3e046851-8543-4f76-9d25-c13abd522af0/resourceGroups/timespent-prod-rg/providers/Microsoft.Web/serverfarms/timespent-plan",
            "is_xenon": false,
            "kind": "linux",
            "location": "norwayeast",
            "maximum_elastic_worker_count": 1,
            "maximum_number_of_workers": 10,
            "name": "timespent-plan",
            "per_site_scaling": false,
            "reserved": true,
            "resource_group_name": "timespent-prod-rg",
            "sku": [
              {
                "capacity": 1,
                "size": "S1",
                "tier": "Standard"
              }
            ],
            "tags": {},
            "timeouts": null,
            "zone_redundant": false
          },
          "sensitive_attributes": [],
          "private": "eyJlMmJmYjczMC1lY2FhLTExZTYtOGY4OC0zNDM2M2JjN2M0YzAiOnsiY3JlYXRlIjozNjAwMDAwMDAwMDAwLCJkZWxldGUiOjM2MDAwMDAwMDAwMDAsInJlYWQiOjMwMDAwMDAwMDAwMCwidXBkYXRlIjozNjAwMDAwMDAwMDAwfX0=",
          "dependencies": [
            "azurerm_resource_group.default"
          ]
        }
      ]
    },
    {
      "mode": "managed",
      "type": "azurerm_container_registry",
      "name": "acr",
      "provider": "provider[\"registry.terraform.io/hashicorp/azurerm\"]",
      "instances": [
        {
          "schema_version": 2,
          "attributes": {
            "admin_enabled": true,
            "admin_password": "4IxLNXL1SPOU5OCQ62pZF=cxUU2e1NwC",
            "admin_username": "ytsContainerRegistry",
            "anonymous_pull_enabled": false,
            "data_endpoint_enabled": false,
            "encryption": [
              {
                "enabled": false,
                "identity_client_id": "",
                "key_vault_key_id": ""
              }
            ],
            "georeplication_locations": [],
            "georeplications": [],
            "id": "/subscriptions/3e046851-8543-4f76-9d25-c13abd522af0/resourceGroups/timespent-prod-rg/providers/Microsoft.ContainerRegistry/registries/ytsContainerRegistry",
            "identity": [],
            "location": "norwayeast",
            "login_server": "ytscontainerregistry.azurecr.io",
            "name": "ytsContainerRegistry",
            "network_rule_bypass_option": "AzureServices",
            "network_rule_set": [],
            "public_network_access_enabled": true,
            "quarantine_policy_enabled": false,
            "resource_group_name": "timespent-prod-rg",
            "retention_policy": [
              {
                "days": 7,
                "enabled": false
              }
            ],
            "sku": "Basic",
            "storage_account_id": "",
            "tags": {},
            "timeouts": null,
            "trust_policy": [
              {
                "enabled": false
              }
            ],
            "zone_redundancy_enabled": false
          },
          "sensitive_attributes": [],
          "private": "eyJlMmJmYjczMC1lY2FhLTExZTYtOGY4OC0zNDM2M2JjN2M0YzAiOnsiY3JlYXRlIjoxODAwMDAwMDAwMDAwLCJkZWxldGUiOjE4MDAwMDAwMDAwMDAsInJlYWQiOjMwMDAwMDAwMDAwMCwidXBkYXRlIjoxODAwMDAwMDAwMDAwfSwic2NoZW1hX3ZlcnNpb24iOiIyIn0=",
          "dependencies": [
            "azurerm_resource_group.default"
          ]
        }
      ]
    },
    {
      "mode": "managed",
      "type": "azurerm_resource_group",
      "name": "default",
      "provider": "provider[\"registry.terraform.io/hashicorp/azurerm\"]",
      "instances": [
        {
          "schema_version": 0,
          "attributes": {
            "id": "/subscriptions/3e046851-8543-4f76-9d25-c13abd522af0/resourceGroups/timespent-prod-rg",
            "location": "norwayeast",
            "name": "timespent-prod-rg",
            "tags": {
              "Environment": "prod",
              "Team": "DevOps-1"
            },
            "timeouts": null
          },
          "sensitive_attributes": [],
          "private": "eyJlMmJmYjczMC1lY2FhLTExZTYtOGY4OC0zNDM2M2JjN2M0YzAiOnsiY3JlYXRlIjo1NDAwMDAwMDAwMDAwLCJkZWxldGUiOjU0MDAwMDAwMDAwMDAsInJlYWQiOjMwMDAwMDAwMDAwMCwidXBkYXRlIjo1NDAwMDAwMDAwMDAwfX0="
        }
      ]
    },
    {
      "mode": "managed",
      "type": "azurerm_storage_account",
      "name": "tfstate",
      "provider": "provider[\"registry.terraform.io/hashicorp/azurerm\"]",
      "instances": [
        {
          "schema_version": 2,
          "attributes": {
            "access_tier": "Hot",
            "account_kind": "StorageV2",
            "account_replication_type": "LRS",
            "account_tier": "Standard",
            "allow_blob_public_access": true,
            "azure_files_authentication": [],
            "blob_properties": [
              {
                "change_feed_enabled": false,
                "container_delete_retention_policy": [],
                "cors_rule": [],
                "default_service_version": "",
                "delete_retention_policy": [],
                "last_access_time_enabled": false,
                "versioning_enabled": false
              }
            ],
            "custom_domain": [],
            "enable_https_traffic_only": true,
            "id": "/subscriptions/3e046851-8543-4f76-9d25-c13abd522af0/resourceGroups/timespent-prod-rg/providers/Microsoft.Storage/storageAccounts/tfstate24fzv",
            "identity": [],
            "is_hns_enabled": false,
            "large_file_share_enabled": null,
            "location": "norwayeast",
            "min_tls_version": "TLS1_0",
            "name": "tfstate24fzv",
            "network_rules": [
              {
                "bypass": [
                  "AzureServices"
                ],
                "default_action": "Allow",
                "ip_rules": [],
                "private_link_access": [],
                "virtual_network_subnet_ids": []
              }
            ],
            "nfsv3_enabled": false,
            "primary_access_key": "JMFaOZzTffnhVrj814jd3xBBFUDtGWXgv2hBVv+EQMn92h3TdnsVMuqm0vGT/2Te2+r4mwwYm3kOivQQHo5jrQ==",
            "primary_blob_connection_string": "DefaultEndpointsProtocol=https;BlobEndpoint=https://tfstate24fzv.blob.core.windows.net/;AccountName=tfstate24fzv;AccountKey=JMFaOZzTffnhVrj814jd3xBBFUDtGWXgv2hBVv+EQMn92h3TdnsVMuqm0vGT/2Te2+r4mwwYm3kOivQQHo5jrQ==",
            "primary_blob_endpoint": "https://tfstate24fzv.blob.core.windows.net/",
            "primary_blob_host": "tfstate24fzv.blob.core.windows.net",
            "primary_connection_string": "DefaultEndpointsProtocol=https;AccountName=tfstate24fzv;AccountKey=JMFaOZzTffnhVrj814jd3xBBFUDtGWXgv2hBVv+EQMn92h3TdnsVMuqm0vGT/2Te2+r4mwwYm3kOivQQHo5jrQ==;EndpointSuffix=core.windows.net",
            "primary_dfs_endpoint": "https://tfstate24fzv.dfs.core.windows.net/",
            "primary_dfs_host": "tfstate24fzv.dfs.core.windows.net",
            "primary_file_endpoint": "https://tfstate24fzv.file.core.windows.net/",
            "primary_file_host": "tfstate24fzv.file.core.windows.net",
            "primary_location": "norwayeast",
            "primary_queue_endpoint": "https://tfstate24fzv.queue.core.windows.net/",
            "primary_queue_host": "tfstate24fzv.queue.core.windows.net",
            "primary_table_endpoint": "https://tfstate24fzv.table.core.windows.net/",
            "primary_table_host": "tfstate24fzv.table.core.windows.net",
            "primary_web_endpoint": "https://tfstate24fzv.z1.web.core.windows.net/",
            "primary_web_host": "tfstate24fzv.z1.web.core.windows.net",
            "queue_encryption_key_type": "Service",
            "queue_properties": [
              {
                "cors_rule": [],
                "hour_metrics": [
                  {
                    "enabled": true,
                    "include_apis": true,
                    "retention_policy_days": 7,
                    "version": "1.0"
                  }
                ],
                "logging": [
                  {
                    "delete": false,
                    "read": false,
                    "retention_policy_days": 0,
                    "version": "1.0",
                    "write": false
                  }
                ],
                "minute_metrics": [
                  {
                    "enabled": false,
                    "include_apis": false,
                    "retention_policy_days": 0,
                    "version": "1.0"
                  }
                ]
              }
            ],
            "resource_group_name": "timespent-prod-rg",
            "routing": [],
            "secondary_access_key": "71JdQW8qzt9i/m/luV/kkg5FvPgIY/se9W8aQFn0+e/M4iRphTgHWcXIDg9H7VL4u5raYWVlGq4T9D/HM2eEmw==",
            "secondary_blob_connection_string": "",
            "secondary_blob_endpoint": null,
            "secondary_blob_host": null,
            "secondary_connection_string": "DefaultEndpointsProtocol=https;AccountName=tfstate24fzv;AccountKey=71JdQW8qzt9i/m/luV/kkg5FvPgIY/se9W8aQFn0+e/M4iRphTgHWcXIDg9H7VL4u5raYWVlGq4T9D/HM2eEmw==;EndpointSuffix=core.windows.net",
            "secondary_dfs_endpoint": null,
            "secondary_dfs_host": null,
            "secondary_file_endpoint": null,
            "secondary_file_host": null,
            "secondary_location": "",
            "secondary_queue_endpoint": null,
            "secondary_queue_host": null,
            "secondary_table_endpoint": null,
            "secondary_table_host": null,
            "secondary_web_endpoint": null,
            "secondary_web_host": null,
            "share_properties": [
              {
                "cors_rule": [],
                "retention_policy": [
                  {
                    "days": 7
                  }
                ],
                "smb": []
              }
            ],
            "shared_access_key_enabled": true,
            "static_website": [],
            "table_encryption_key_type": "Service",
            "tags": {
              "environment": "staging"
            },
            "timeouts": null
          },
          "sensitive_attributes": [],
          "private": "eyJlMmJmYjczMC1lY2FhLTExZTYtOGY4OC0zNDM2M2JjN2M0YzAiOnsiY3JlYXRlIjozNjAwMDAwMDAwMDAwLCJkZWxldGUiOjM2MDAwMDAwMDAwMDAsInJlYWQiOjMwMDAwMDAwMDAwMCwidXBkYXRlIjozNjAwMDAwMDAwMDAwfSwic2NoZW1hX3ZlcnNpb24iOiIyIn0=",
          "dependencies": [
            "azurerm_resource_group.default",
            "random_string.resource_code"
          ]
        }
      ]
    },
    {
      "mode": "managed",
      "type": "azurerm_storage_container",
      "name": "tfstate",
      "provider": "provider[\"registry.terraform.io/hashicorp/azurerm\"]",
      "instances": [
        {
          "schema_version": 1,
          "attributes": {
            "container_access_type": "blob",
            "has_immutability_policy": false,
            "has_legal_hold": false,
            "id": "https://tfstate24fzv.blob.core.windows.net/tfstate",
            "metadata": {},
            "name": "tfstate",
            "resource_manager_id": "/subscriptions/3e046851-8543-4f76-9d25-c13abd522af0/resourceGroups/timespent-prod-rg/providers/Microsoft.Storage/storageAccounts/tfstate24fzv/blobServices/default/containers/tfstate",
            "storage_account_name": "tfstate24fzv",
            "timeouts": null
          },
          "sensitive_attributes": [],
          "private": "eyJlMmJmYjczMC1lY2FhLTExZTYtOGY4OC0zNDM2M2JjN2M0YzAiOnsiY3JlYXRlIjoxODAwMDAwMDAwMDAwLCJkZWxldGUiOjE4MDAwMDAwMDAwMDAsInJlYWQiOjMwMDAwMDAwMDAwMCwidXBkYXRlIjoxODAwMDAwMDAwMDAwfSwic2NoZW1hX3ZlcnNpb24iOiIxIn0=",
          "dependencies": [
            "azurerm_resource_group.default",
            "azurerm_storage_account.tfstate",
            "random_string.resource_code"
          ]
        }
      ]
    },
    {
      "mode": "managed",
      "type": "random_string",
      "name": "resource_code",
      "provider": "provider[\"registry.terraform.io/hashicorp/random\"]",
      "instances": [
        {
          "schema_version": 1,
          "attributes": {
            "id": "24fzv",
            "keepers": null,
            "length": 5,
            "lower": true,
            "min_lower": 0,
            "min_numeric": 0,
            "min_special": 0,
            "min_upper": 0,
            "number": true,
            "override_special": null,
            "result": "24fzv",
            "special": false,
            "upper": false
          },
          "sensitive_attributes": [],
          "private": "eyJzY2hlbWFfdmVyc2lvbiI6IjEifQ=="
        }
      ]
    }
  ]
}
