
Microsoft Visual Studio Solution File, Format Version 12.00
# Visual Studio Version 16
VisualStudioVersion = 16.0.31702.278
MinimumVisualStudioVersion = 10.0.40219.1
Project("{FAE04EC0-301F-11D3-BF4B-00C04F79EFBC}") = "Yabbin.TimeSpent.Api", "Yabbin.TimeSpent.Api\Yabbin.TimeSpent.Api.csproj", "{D11FD9E8-DA7F-4641-85AF-2D26945C4DBA}"
EndProject
Global
	GlobalSection(SolutionConfigurationPlatforms) = preSolution
		Debug|Any CPU = Debug|Any CPU
		Release|Any CPU = Release|Any CPU
	EndGlobalSection
	GlobalSection(ProjectConfigurationPlatforms) = postSolution
		{D11FD9E8-DA7F-4641-85AF-2D26945C4DBA}.Debug|Any CPU.ActiveCfg = Debug|Any CPU
		{D11FD9E8-DA7F-4641-85AF-2D26945C4DBA}.Debug|Any CPU.Build.0 = Debug|Any CPU
		{D11FD9E8-DA7F-4641-85AF-2D26945C4DBA}.Release|Any CPU.ActiveCfg = Release|Any CPU
		{D11FD9E8-DA7F-4641-85AF-2D26945C4DBA}.Release|Any CPU.Build.0 = Release|Any CPU
	EndGlobalSection
	GlobalSection(SolutionProperties) = preSolution
		HideSolutionNode = FALSE
	EndGlobalSection
	GlobalSection(ExtensibilityGlobals) = postSolution
		SolutionGuid = {92D3CA47-3F76-477E-B029-2C978858F527}
	EndGlobalSection
EndGlobal
