
Microsoft Visual Studio Solution File, Format Version 12.00
# Visual Studio Version 16
VisualStudioVersion = 16.0.31702.278
MinimumVisualStudioVersion = 10.0.40219.1
Project("{9A19103F-16F7-4668-BE54-9A1E7A4F7556}") = "Yabbin.TimeSpent.Api", "Yabbin.TimeSpent.Api\Yabbin.TimeSpent.Api.csproj", "{844AC3B4-5CCD-40F4-BB69-5247082CA4DA}"
EndProject
Global
	GlobalSection(SolutionConfigurationPlatforms) = preSolution
		Debug|Any CPU = Debug|Any CPU
		Release|Any CPU = Release|Any CPU
	EndGlobalSection
	GlobalSection(ProjectConfigurationPlatforms) = postSolution
		{844AC3B4-5CCD-40F4-BB69-5247082CA4DA}.Debug|Any CPU.ActiveCfg = Debug|Any CPU
		{844AC3B4-5CCD-40F4-BB69-5247082CA4DA}.Debug|Any CPU.Build.0 = Debug|Any CPU
		{844AC3B4-5CCD-40F4-BB69-5247082CA4DA}.Release|Any CPU.ActiveCfg = Release|Any CPU
		{844AC3B4-5CCD-40F4-BB69-5247082CA4DA}.Release|Any CPU.Build.0 = Release|Any CPU
	EndGlobalSection
	GlobalSection(SolutionProperties) = preSolution
		HideSolutionNode = FALSE
	EndGlobalSection
	GlobalSection(ExtensibilityGlobals) = postSolution
		SolutionGuid = {CE191FFB-5A64-4C13-8808-62ACC8262B6A}
	EndGlobalSection
EndGlobal
